
Microsoft Visual Studio Solution File, Format Version 12.00
# Visual Studio Version 16
VisualStudioVersion = 16.0.31424.327
MinimumVisualStudioVersion = 10.0.40219.1
Project("{FAE04EC0-301F-11D3-BF4B-00C04F79EFBC}") = "Metigator", "Metigator\Metigator.csproj", "{BB514C57-A7DC-4A6D-9B0B-9E4D9461B5B9}"
EndProject
Global
	GlobalSection(SolutionConfigurationPlatforms) = preSolution
		Debug|Any CPU = Debug|Any CPU
		Release|Any CPU = Release|Any CPU
	EndGlobalSection
	GlobalSection(ProjectConfigurationPlatforms) = postSolution
		{BB514C57-A7DC-4A6D-9B0B-9E4D9461B5B9}.Debug|Any CPU.ActiveCfg = Debug|Any CPU
		{BB514C57-A7DC-4A6D-9B0B-9E4D9461B5B9}.Debug|Any CPU.Build.0 = Debug|Any CPU
		{BB514C57-A7DC-4A6D-9B0B-9E4D9461B5B9}.Release|Any CPU.ActiveCfg = Release|Any CPU
		{BB514C57-A7DC-4A6D-9B0B-9E4D9461B5B9}.Release|Any CPU.Build.0 = Release|Any CPU
	EndGlobalSection
	GlobalSection(SolutionProperties) = preSolution
		HideSolutionNode = FALSE
	EndGlobalSection
	GlobalSection(ExtensibilityGlobals) = postSolution
		SolutionGuid = {5E856B31-7A0C-4152-B86C-28D974652210}
	EndGlobalSection
EndGlobal
